
Microsoft Visual Studio Solution File, Format Version 12.00
# Visual Studio Version 16
VisualStudioVersion = 16.0.29613.14
MinimumVisualStudioVersion = 10.0.40219.1
Project("{FAE04EC0-301F-11D3-BF4B-00C04F79EFBC}") = "TestProject.UWP", "TestProject\TestProject.UWP\TestProject.UWP.csproj", "{3322CDB2-FFF2-4DB9-AC87-3F935BB37F74}"
EndProject
Project("{FAE04EC0-301F-11D3-BF4B-00C04F79EFBC}") = "TestProject.Android", "TestProject\TestProject.Android\TestProject.Android.csproj", "{9BE60192-87E0-43FF-94C3-D7596E492A6E}"
EndProject
Project("{FAE04EC0-301F-11D3-BF4B-00C04F79EFBC}") = "TestProject.iOS", "TestProject\TestProject.iOS\TestProject.iOS.csproj", "{4A2548E3-07AA-40DB-AA42-D81449E3A0FE}"
EndProject
Project("{FAE04EC0-301F-11D3-BF4B-00C04F79EFBC}") = "TestProject", "TestProject\TestProject\TestProject.csproj", "{0112D8E7-7265-4DF3-89AB-4AC03A483595}"
EndProject
Global
	GlobalSection(SolutionConfigurationPlatforms) = preSolution
		Debug|Any CPU = Debug|Any CPU
		Debug|ARM = Debug|ARM
		Debug|iPhone = Debug|iPhone
		Debug|iPhoneSimulator = Debug|iPhoneSimulator
		Debug|x64 = Debug|x64
		Debug|x86 = Debug|x86
		Release|Any CPU = Release|Any CPU
		Release|ARM = Release|ARM
		Release|iPhone = Release|iPhone
		Release|iPhoneSimulator = Release|iPhoneSimulator
		Release|x64 = Release|x64
		Release|x86 = Release|x86
	EndGlobalSection
	GlobalSection(ProjectConfigurationPlatforms) = postSolution
		{3322CDB2-FFF2-4DB9-AC87-3F935BB37F74}.Debug|Any CPU.ActiveCfg = Debug|x86
		{3322CDB2-FFF2-4DB9-AC87-3F935BB37F74}.Debug|Any CPU.Build.0 = Debug|x86
		{3322CDB2-FFF2-4DB9-AC87-3F935BB37F74}.Debug|Any CPU.Deploy.0 = Debug|x86
		{3322CDB2-FFF2-4DB9-AC87-3F935BB37F74}.Debug|ARM.ActiveCfg = Debug|ARM
		{3322CDB2-FFF2-4DB9-AC87-3F935BB37F74}.Debug|ARM.Build.0 = Debug|ARM
		{3322CDB2-FFF2-4DB9-AC87-3F935BB37F74}.Debug|ARM.Deploy.0 = Debug|ARM
		{3322CDB2-FFF2-4DB9-AC87-3F935BB37F74}.Debug|iPhone.ActiveCfg = Debug|x86
		{3322CDB2-FFF2-4DB9-AC87-3F935BB37F74}.Debug|iPhone.Build.0 = Debug|x86
		{3322CDB2-FFF2-4DB9-AC87-3F935BB37F74}.Debug|iPhone.Deploy.0 = Debug|x86
		{3322CDB2-FFF2-4DB9-AC87-3F935BB37F74}.Debug|iPhoneSimulator.ActiveCfg = Debug|x86
		{3322CDB2-FFF2-4DB9-AC87-3F935BB37F74}.Debug|iPhoneSimulator.Build.0 = Debug|x86
		{3322CDB2-FFF2-4DB9-AC87-3F935BB37F74}.Debug|iPhoneSimulator.Deploy.0 = Debug|x86
		{3322CDB2-FFF2-4DB9-AC87-3F935BB37F74}.Debug|x64.ActiveCfg = Debug|x64
		{3322CDB2-FFF2-4DB9-AC87-3F935BB37F74}.Debug|x64.Build.0 = Debug|x64
		{3322CDB2-FFF2-4DB9-AC87-3F935BB37F74}.Debug|x64.Deploy.0 = Debug|x64
		{3322CDB2-FFF2-4DB9-AC87-3F935BB37F74}.Debug|x86.ActiveCfg = Debug|x86
		{3322CDB2-FFF2-4DB9-AC87-3F935BB37F74}.Debug|x86.Build.0 = Debug|x86
		{3322CDB2-FFF2-4DB9-AC87-3F935BB37F74}.Debug|x86.Deploy.0 = Debug|x86
		{3322CDB2-FFF2-4DB9-AC87-3F935BB37F74}.Release|Any CPU.ActiveCfg = Release|x86
		{3322CDB2-FFF2-4DB9-AC87-3F935BB37F74}.Release|Any CPU.Build.0 = Release|x86
		{3322CDB2-FFF2-4DB9-AC87-3F935BB37F74}.Release|Any CPU.Deploy.0 = Release|x86
		{3322CDB2-FFF2-4DB9-AC87-3F935BB37F74}.Release|ARM.ActiveCfg = Release|ARM
		{3322CDB2-FFF2-4DB9-AC87-3F935BB37F74}.Release|ARM.Build.0 = Release|ARM
		{3322CDB2-FFF2-4DB9-AC87-3F935BB37F74}.Release|ARM.Deploy.0 = Release|ARM
		{3322CDB2-FFF2-4DB9-AC87-3F935BB37F74}.Release|iPhone.ActiveCfg = Release|x86
		{3322CDB2-FFF2-4DB9-AC87-3F935BB37F74}.Release|iPhone.Build.0 = Release|x86
		{3322CDB2-FFF2-4DB9-AC87-3F935BB37F74}.Release|iPhone.Deploy.0 = Release|x86
		{3322CDB2-FFF2-4DB9-AC87-3F935BB37F74}.Release|iPhoneSimulator.ActiveCfg = Release|x86
		{3322CDB2-FFF2-4DB9-AC87-3F935BB37F74}.Release|iPhoneSimulator.Build.0 = Release|x86
		{3322CDB2-FFF2-4DB9-AC87-3F935BB37F74}.Release|iPhoneSimulator.Deploy.0 = Release|x86
		{3322CDB2-FFF2-4DB9-AC87-3F935BB37F74}.Release|x64.ActiveCfg = Release|x64
		{3322CDB2-FFF2-4DB9-AC87-3F935BB37F74}.Release|x64.Build.0 = Release|x64
		{3322CDB2-FFF2-4DB9-AC87-3F935BB37F74}.Release|x64.Deploy.0 = Release|x64
		{3322CDB2-FFF2-4DB9-AC87-3F935BB37F74}.Release|x86.ActiveCfg = Release|x86
		{3322CDB2-FFF2-4DB9-AC87-3F935BB37F74}.Release|x86.Build.0 = Release|x86
		{3322CDB2-FFF2-4DB9-AC87-3F935BB37F74}.Release|x86.Deploy.0 = Release|x86
		{9BE60192-87E0-43FF-94C3-D7596E492A6E}.Debug|Any CPU.ActiveCfg = Debug|Any CPU
		{9BE60192-87E0-43FF-94C3-D7596E492A6E}.Debug|Any CPU.Build.0 = Debug|Any CPU
		{9BE60192-87E0-43FF-94C3-D7596E492A6E}.Debug|Any CPU.Deploy.0 = Debug|Any CPU
		{9BE60192-87E0-43FF-94C3-D7596E492A6E}.Debug|ARM.ActiveCfg = Debug|Any CPU
		{9BE60192-87E0-43FF-94C3-D7596E492A6E}.Debug|ARM.Build.0 = Debug|Any CPU
		{9BE60192-87E0-43FF-94C3-D7596E492A6E}.Debug|ARM.Deploy.0 = Debug|Any CPU
		{9BE60192-87E0-43FF-94C3-D7596E492A6E}.Debug|iPhone.ActiveCfg = Debug|Any CPU
		{9BE60192-87E0-43FF-94C3-D7596E492A6E}.Debug|iPhone.Build.0 = Debug|Any CPU
		{9BE60192-87E0-43FF-94C3-D7596E492A6E}.Debug|iPhone.Deploy.0 = Debug|Any CPU
		{9BE60192-87E0-43FF-94C3-D7596E492A6E}.Debug|iPhoneSimulator.ActiveCfg = Debug|Any CPU
		{9BE60192-87E0-43FF-94C3-D7596E492A6E}.Debug|iPhoneSimulator.Build.0 = Debug|Any CPU
		{9BE60192-87E0-43FF-94C3-D7596E492A6E}.Debug|iPhoneSimulator.Deploy.0 = Debug|Any CPU
		{9BE60192-87E0-43FF-94C3-D7596E492A6E}.Debug|x64.ActiveCfg = Debug|Any CPU
		{9BE60192-87E0-43FF-94C3-D7596E492A6E}.Debug|x64.Build.0 = Debug|Any CPU
		{9BE60192-87E0-43FF-94C3-D7596E492A6E}.Debug|x64.Deploy.0 = Debug|Any CPU
		{9BE60192-87E0-43FF-94C3-D7596E492A6E}.Debug|x86.ActiveCfg = Debug|Any CPU
		{9BE60192-87E0-43FF-94C3-D7596E492A6E}.Debug|x86.Build.0 = Debug|Any CPU
		{9BE60192-87E0-43FF-94C3-D7596E492A6E}.Debug|x86.Deploy.0 = Debug|Any CPU
		{9BE60192-87E0-43FF-94C3-D7596E492A6E}.Release|Any CPU.ActiveCfg = Release|Any CPU
		{9BE60192-87E0-43FF-94C3-D7596E492A6E}.Release|Any CPU.Build.0 = Release|Any CPU
		{9BE60192-87E0-43FF-94C3-D7596E492A6E}.Release|Any CPU.Deploy.0 = Release|Any CPU
		{9BE60192-87E0-43FF-94C3-D7596E492A6E}.Release|ARM.ActiveCfg = Release|Any CPU
		{9BE60192-87E0-43FF-94C3-D7596E492A6E}.Release|ARM.Build.0 = Release|Any CPU
		{9BE60192-87E0-43FF-94C3-D7596E492A6E}.Release|ARM.Deploy.0 = Release|Any CPU
		{9BE60192-87E0-43FF-94C3-D7596E492A6E}.Release|iPhone.ActiveCfg = Release|Any CPU
		{9BE60192-87E0-43FF-94C3-D7596E492A6E}.Release|iPhone.Build.0 = Release|Any CPU
		{9BE60192-87E0-43FF-94C3-D7596E492A6E}.Release|iPhone.Deploy.0 = Release|Any CPU
		{9BE60192-87E0-43FF-94C3-D7596E492A6E}.Release|iPhoneSimulator.ActiveCfg = Release|Any CPU
		{9BE60192-87E0-43FF-94C3-D7596E492A6E}.Release|iPhoneSimulator.Build.0 = Release|Any CPU
		{9BE60192-87E0-43FF-94C3-D7596E492A6E}.Release|iPhoneSimulator.Deploy.0 = Release|Any CPU
		{9BE60192-87E0-43FF-94C3-D7596E492A6E}.Release|x64.ActiveCfg = Release|Any CPU
		{9BE60192-87E0-43FF-94C3-D7596E492A6E}.Release|x64.Build.0 = Release|Any CPU
		{9BE60192-87E0-43FF-94C3-D7596E492A6E}.Release|x64.Deploy.0 = Release|Any CPU
		{9BE60192-87E0-43FF-94C3-D7596E492A6E}.Release|x86.ActiveCfg = Release|Any CPU
		{9BE60192-87E0-43FF-94C3-D7596E492A6E}.Release|x86.Build.0 = Release|Any CPU
		{9BE60192-87E0-43FF-94C3-D7596E492A6E}.Release|x86.Deploy.0 = Release|Any CPU
		{4A2548E3-07AA-40DB-AA42-D81449E3A0FE}.Debug|Any CPU.ActiveCfg = Debug|iPhone
		{4A2548E3-07AA-40DB-AA42-D81449E3A0FE}.Debug|Any CPU.Build.0 = Debug|iPhone
		{4A2548E3-07AA-40DB-AA42-D81449E3A0FE}.Debug|Any CPU.Deploy.0 = Debug|iPhone
		{4A2548E3-07AA-40DB-AA42-D81449E3A0FE}.Debug|ARM.ActiveCfg = Debug|iPhoneSimulator
		{4A2548E3-07AA-40DB-AA42-D81449E3A0FE}.Debug|ARM.Build.0 = Debug|iPhoneSimulator
		{4A2548E3-07AA-40DB-AA42-D81449E3A0FE}.Debug|ARM.Deploy.0 = Debug|iPhoneSimulator
		{4A2548E3-07AA-40DB-AA42-D81449E3A0FE}.Debug|iPhone.ActiveCfg = Debug|iPhone
		{4A2548E3-07AA-40DB-AA42-D81449E3A0FE}.Debug|iPhone.Build.0 = Debug|iPhone
		{4A2548E3-07AA-40DB-AA42-D81449E3A0FE}.Debug|iPhone.Deploy.0 = Debug|iPhone
		{4A2548E3-07AA-40DB-AA42-D81449E3A0FE}.Debug|iPhoneSimulator.ActiveCfg = Debug|iPhoneSimulator
		{4A2548E3-07AA-40DB-AA42-D81449E3A0FE}.Debug|iPhoneSimulator.Build.0 = Debug|iPhoneSimulator
		{4A2548E3-07AA-40DB-AA42-D81449E3A0FE}.Debug|iPhoneSimulator.Deploy.0 = Debug|iPhoneSimulator
		{4A2548E3-07AA-40DB-AA42-D81449E3A0FE}.Debug|x64.ActiveCfg = Debug|iPhone
		{4A2548E3-07AA-40DB-AA42-D81449E3A0FE}.Debug|x64.Build.0 = Debug|iPhone
		{4A2548E3-07AA-40DB-AA42-D81449E3A0FE}.Debug|x64.Deploy.0 = Debug|iPhone
		{4A2548E3-07AA-40DB-AA42-D81449E3A0FE}.Debug|x86.ActiveCfg = Debug|iPhone
		{4A2548E3-07AA-40DB-AA42-D81449E3A0FE}.Debug|x86.Build.0 = Debug|iPhone
		{4A2548E3-07AA-40DB-AA42-D81449E3A0FE}.Debug|x86.Deploy.0 = Debug|iPhone
		{4A2548E3-07AA-40DB-AA42-D81449E3A0FE}.Release|Any CPU.ActiveCfg = Release|iPhone
		{4A2548E3-07AA-40DB-AA42-D81449E3A0FE}.Release|Any CPU.Build.0 = Release|iPhone
		{4A2548E3-07AA-40DB-AA42-D81449E3A0FE}.Release|Any CPU.Deploy.0 = Release|iPhone
		{4A2548E3-07AA-40DB-AA42-D81449E3A0FE}.Release|ARM.ActiveCfg = Release|iPhone
		{4A2548E3-07AA-40DB-AA42-D81449E3A0FE}.Release|ARM.Build.0 = Release|iPhone
		{4A2548E3-07AA-40DB-AA42-D81449E3A0FE}.Release|ARM.Deploy.0 = Release|iPhone
		{4A2548E3-07AA-40DB-AA42-D81449E3A0FE}.Release|iPhone.ActiveCfg = Release|iPhone
		{4A2548E3-07AA-40DB-AA42-D81449E3A0FE}.Release|iPhone.Build.0 = Release|iPhone
		{4A2548E3-07AA-40DB-AA42-D81449E3A0FE}.Release|iPhone.Deploy.0 = Release|iPhone
		{4A2548E3-07AA-40DB-AA42-D81449E3A0FE}.Release|iPhoneSimulator.ActiveCfg = Release|iPhoneSimulator
		{4A2548E3-07AA-40DB-AA42-D81449E3A0FE}.Release|iPhoneSimulator.Build.0 = Release|iPhoneSimulator
		{4A2548E3-07AA-40DB-AA42-D81449E3A0FE}.Release|iPhoneSimulator.Deploy.0 = Release|iPhoneSimulator
		{4A2548E3-07AA-40DB-AA42-D81449E3A0FE}.Release|x64.ActiveCfg = Release|iPhone
		{4A2548E3-07AA-40DB-AA42-D81449E3A0FE}.Release|x64.Build.0 = Release|iPhone
		{4A2548E3-07AA-40DB-AA42-D81449E3A0FE}.Release|x64.Deploy.0 = Release|iPhone
		{4A2548E3-07AA-40DB-AA42-D81449E3A0FE}.Release|x86.ActiveCfg = Release|iPhone
		{4A2548E3-07AA-40DB-AA42-D81449E3A0FE}.Release|x86.Build.0 = Release|iPhone
		{4A2548E3-07AA-40DB-AA42-D81449E3A0FE}.Release|x86.Deploy.0 = Release|iPhone
		{0112D8E7-7265-4DF3-89AB-4AC03A483595}.Debug|Any CPU.ActiveCfg = Debug|Any CPU
		{0112D8E7-7265-4DF3-89AB-4AC03A483595}.Debug|Any CPU.Build.0 = Debug|Any CPU
		{0112D8E7-7265-4DF3-89AB-4AC03A483595}.Debug|Any CPU.Deploy.0 = Debug|Any CPU
		{0112D8E7-7265-4DF3-89AB-4AC03A483595}.Debug|ARM.ActiveCfg = Debug|Any CPU
		{0112D8E7-7265-4DF3-89AB-4AC03A483595}.Debug|ARM.Build.0 = Debug|Any CPU
		{0112D8E7-7265-4DF3-89AB-4AC03A483595}.Debug|ARM.Deploy.0 = Debug|Any CPU
		{0112D8E7-7265-4DF3-89AB-4AC03A483595}.Debug|iPhone.ActiveCfg = Debug|Any CPU
		{0112D8E7-7265-4DF3-89AB-4AC03A483595}.Debug|iPhone.Build.0 = Debug|Any CPU
		{0112D8E7-7265-4DF3-89AB-4AC03A483595}.Debug|iPhone.Deploy.0 = Debug|Any CPU
		{0112D8E7-7265-4DF3-89AB-4AC03A483595}.Debug|iPhoneSimulator.ActiveCfg = Debug|Any CPU
		{0112D8E7-7265-4DF3-89AB-4AC03A483595}.Debug|iPhoneSimulator.Build.0 = Debug|Any CPU
		{0112D8E7-7265-4DF3-89AB-4AC03A483595}.Debug|iPhoneSimulator.Deploy.0 = Debug|Any CPU
		{0112D8E7-7265-4DF3-89AB-4AC03A483595}.Debug|x64.ActiveCfg = Debug|Any CPU
		{0112D8E7-7265-4DF3-89AB-4AC03A483595}.Debug|x64.Build.0 = Debug|Any CPU
		{0112D8E7-7265-4DF3-89AB-4AC03A483595}.Debug|x64.Deploy.0 = Debug|Any CPU
		{0112D8E7-7265-4DF3-89AB-4AC03A483595}.Debug|x86.ActiveCfg = Debug|Any CPU
		{0112D8E7-7265-4DF3-89AB-4AC03A483595}.Debug|x86.Build.0 = Debug|Any CPU
		{0112D8E7-7265-4DF3-89AB-4AC03A483595}.Debug|x86.Deploy.0 = Debug|Any CPU
		{0112D8E7-7265-4DF3-89AB-4AC03A483595}.Release|Any CPU.ActiveCfg = Release|Any CPU
		{0112D8E7-7265-4DF3-89AB-4AC03A483595}.Release|Any CPU.Build.0 = Release|Any CPU
		{0112D8E7-7265-4DF3-89AB-4AC03A483595}.Release|Any CPU.Deploy.0 = Release|Any CPU
		{0112D8E7-7265-4DF3-89AB-4AC03A483595}.Release|ARM.ActiveCfg = Release|Any CPU
		{0112D8E7-7265-4DF3-89AB-4AC03A483595}.Release|ARM.Build.0 = Release|Any CPU
		{0112D8E7-7265-4DF3-89AB-4AC03A483595}.Release|ARM.Deploy.0 = Release|Any CPU
		{0112D8E7-7265-4DF3-89AB-4AC03A483595}.Release|iPhone.ActiveCfg = Release|Any CPU
		{0112D8E7-7265-4DF3-89AB-4AC03A483595}.Release|iPhone.Build.0 = Release|Any CPU
		{0112D8E7-7265-4DF3-89AB-4AC03A483595}.Release|iPhone.Deploy.0 = Release|Any CPU
		{0112D8E7-7265-4DF3-89AB-4AC03A483595}.Release|iPhoneSimulator.ActiveCfg = Release|Any CPU
		{0112D8E7-7265-4DF3-89AB-4AC03A483595}.Release|iPhoneSimulator.Build.0 = Release|Any CPU
		{0112D8E7-7265-4DF3-89AB-4AC03A483595}.Release|iPhoneSimulator.Deploy.0 = Release|Any CPU
		{0112D8E7-7265-4DF3-89AB-4AC03A483595}.Release|x64.ActiveCfg = Release|Any CPU
		{0112D8E7-7265-4DF3-89AB-4AC03A483595}.Release|x64.Build.0 = Release|Any CPU
		{0112D8E7-7265-4DF3-89AB-4AC03A483595}.Release|x64.Deploy.0 = Release|Any CPU
		{0112D8E7-7265-4DF3-89AB-4AC03A483595}.Release|x86.ActiveCfg = Release|Any CPU
		{0112D8E7-7265-4DF3-89AB-4AC03A483595}.Release|x86.Build.0 = Release|Any CPU
		{0112D8E7-7265-4DF3-89AB-4AC03A483595}.Release|x86.Deploy.0 = Release|Any CPU
	EndGlobalSection
	GlobalSection(SolutionProperties) = preSolution
		HideSolutionNode = FALSE
	EndGlobalSection
	GlobalSection(ExtensibilityGlobals) = postSolution
		SolutionGuid = {A4946904-7518-478B-9176-077AC2EB2950}
	EndGlobalSection
EndGlobal
